{
  "name": "greek-flag",
  "version": "1.0.1",
  "lockfileVersion": 2,
  "requires": true,
  "packages": {
    "": {
      "name": "greek-flag",
      "version": "1.0.1",
      "license": "MIT",
      "dependencies": {
        "euro-flags": "^1.0.0"
      },
      "bin": {
        "greek-flag": "src/cli.js"
      }
    },
    "node_modules/euro-flags": {
      "version": "1.0.0",
      "resolved": "https://registry.npmjs.org/euro-flags/-/euro-flags-1.0.0.tgz",
      "integrity": "sha512-ED5+FMg8hArFoZOVA5jqlW6hYGp1Jh5nCubYkD292V4T+FUPWYbPVrpPf3xnAW92O7YwQSpe7r3vkfFvILDRXg==",
      "bin": {
        "euro-flags": "src/cli.js"
      }
    }
  },
  "dependencies": {
    "euro-flags": {
      "version": "1.0.0",
      "resolved": "https://registry.npmjs.org/euro-flags/-/euro-flags-1.0.0.tgz",
      "integrity": "sha512-ED5+FMg8hArFoZOVA5jqlW6hYGp1Jh5nCubYkD292V4T+FUPWYbPVrpPf3xnAW92O7YwQSpe7r3vkfFvILDRXg=="
    }
  }
}
